
Microsoft Visual Studio Solution File, Format Version 12.00
# Visual Studio Version 17
VisualStudioVersion = 17.6.33815.320
MinimumVisualStudioVersion = 10.0.40219.1
Project("{9A19103F-16F7-4668-BE54-9A1E7A4F7556}") = "logo_web_app_backend", "logo_web_app_backend\logo_web_app_backend.csproj", "{3030ACDC-99CB-47AA-BCE4-13FA5F7BD2A0}"
EndProject
Global
	GlobalSection(SolutionConfigurationPlatforms) = preSolution
		Debug|Any CPU = Debug|Any CPU
		Release|Any CPU = Release|Any CPU
	EndGlobalSection
	GlobalSection(ProjectConfigurationPlatforms) = postSolution
		{3030ACDC-99CB-47AA-BCE4-13FA5F7BD2A0}.Debug|Any CPU.ActiveCfg = Debug|Any CPU
		{3030ACDC-99CB-47AA-BCE4-13FA5F7BD2A0}.Debug|Any CPU.Build.0 = Debug|Any CPU
		{3030ACDC-99CB-47AA-BCE4-13FA5F7BD2A0}.Release|Any CPU.ActiveCfg = Release|Any CPU
		{3030ACDC-99CB-47AA-BCE4-13FA5F7BD2A0}.Release|Any CPU.Build.0 = Release|Any CPU
	EndGlobalSection
	GlobalSection(SolutionProperties) = preSolution
		HideSolutionNode = FALSE
	EndGlobalSection
	GlobalSection(ExtensibilityGlobals) = postSolution
		SolutionGuid = {24BC286C-32F3-4764-A102-3AFFE84CDA95}
	EndGlobalSection
EndGlobal
